// !$*UTF8*$!
{
	archiveVersion = 1;
	classes = {
	};
	objectVersion = 46;
	objects = {

/* Begin PBXBuildFile section */
		16DAB06B6542CE6FA36224C2 /* TestHelper.swift in Sources */ = {isa = PBXBuildFile; fileRef = EE68DC4C16D31004634513A4 /* TestHelper.swift */; };
		3981F45DB5C2F58C1DF4B34A /* SwiftyUserDefaults.h in Headers */ = {isa = PBXBuildFile; fileRef = 8352CFB88596AEEE665D2289 /* SwiftyUserDefaults.h */; settings = {ATTRIBUTES = (Public, ); }; };
		93A50BA8DAB5D1D2A2EC70A4 /* SwiftyUserDefaults.swift in Sources */ = {isa = PBXBuildFile; fileRef = 387E701DB6730F22DD9C2BCF /* SwiftyUserDefaults.swift */; };
		CE4402D969DB618F25C3FC60 /* SwiftyUserDefaultsTests.swift in Sources */ = {isa = PBXBuildFile; fileRef = E50D49C02B52F193322A8CB4 /* SwiftyUserDefaultsTests.swift */; };
/* End PBXBuildFile section */

/* Begin PBXContainerItemProxy section */
		02A73399BEF53A616B76012C /* PBXContainerItemProxy */ = {
			isa = PBXContainerItemProxy;
			containerPortal = 36EF09C67721F55EBC9FD05A /* Project object */;
			proxyType = 1;
			remoteGlobalIDString = F2A3838126D8C4126BEDAD4E;
			remoteInfo = SwiftyUserDefaults;
		};
/* End PBXContainerItemProxy section */

/* Begin PBXFileReference section */
		387E701DB6730F22DD9C2BCF /* SwiftyUserDefaults.swift */ = {isa = PBXFileReference; includeInIndex = 1; lastKnownFileType = sourcecode.swift; name = SwiftyUserDefaults.swift; path = Sources/SwiftyUserDefaults.swift; sourceTree = "<group>"; };
		5403C73B8159E101319BDE20 /* Info.plist */ = {isa = PBXFileReference; includeInIndex = 1; lastKnownFileType = text.plist.xml; name = Info.plist; path = Tests/Info.plist; sourceTree = "<group>"; };
		5FB84CAEDD1ED45E55869AC3 /* SwiftyUserDefaults.framework */ = {isa = PBXFileReference; explicitFileType = wrapper.framework; includeInIndex = 0; path = SwiftyUserDefaults.framework; sourceTree = BUILT_PRODUCTS_DIR; };
		8352CFB88596AEEE665D2289 /* SwiftyUserDefaults.h */ = {isa = PBXFileReference; includeInIndex = 1; lastKnownFileType = sourcecode.c.h; name = SwiftyUserDefaults.h; path = Sources/SwiftyUserDefaults.h; sourceTree = "<group>"; };
		CE911D77ADA3883B97E5DF45 /* SwiftyUserDefaultsTests.xctest */ = {isa = PBXFileReference; explicitFileType = wrapper.cfbundle; includeInIndex = 0; path = SwiftyUserDefaultsTests.xctest; sourceTree = BUILT_PRODUCTS_DIR; };
		E50D49C02B52F193322A8CB4 /* SwiftyUserDefaultsTests.swift */ = {isa = PBXFileReference; includeInIndex = 1; lastKnownFileType = sourcecode.swift; name = SwiftyUserDefaultsTests.swift; path = Tests/SwiftyUserDefaultsTests.swift; sourceTree = "<group>"; };
		E8B4039C826ED308CDB6A59F /* Info.plist */ = {isa = PBXFileReference; includeInIndex = 1; lastKnownFileType = text.plist.xml; name = Info.plist; path = Sources/Info.plist; sourceTree = "<group>"; };
		EE68DC4C16D31004634513A4 /* TestHelper.swift */ = {isa = PBXFileReference; includeInIndex = 1; lastKnownFileType = sourcecode.swift; name = TestHelper.swift; path = Tests/TestHelper.swift; sourceTree = "<group>"; };
/* End PBXFileReference section */

/* Begin PBXFrameworksBuildPhase section */
		40E5E6F76DEC820CFBED373E /* Frameworks */ = {
			isa = PBXFrameworksBuildPhase;
			buildActionMask = 2147483647;
			files = (
			);
			runOnlyForDeploymentPostprocessing = 0;
		};
		F85F5B2B41E171195AB6D84A /* Frameworks */ = {
			isa = PBXFrameworksBuildPhase;
			buildActionMask = 2147483647;
			files = (
			);
			runOnlyForDeploymentPostprocessing = 0;
		};
/* End PBXFrameworksBuildPhase section */

/* Begin PBXGroup section */
		3B7363E7F7AF99883337692B /* Frameworks */ = {
			isa = PBXGroup;
			children = (
			);
			name = Frameworks;
			sourceTree = "<group>";
		};
		6B6D3D03170D870C4D6E57EB = {
			isa = PBXGroup;
			children = (
				E25B9A3B65CD62DB15609DF0 /* Products */,
				3B7363E7F7AF99883337692B /* Frameworks */,
				DA82FB38AD39DFA6DCA4A5A5 /* Sources */,
				EEF43591C852EE5020F3D96E /* Tests */,
			);
			sourceTree = "<group>";
		};
		DA82FB38AD39DFA6DCA4A5A5 /* Sources */ = {
			isa = PBXGroup;
			children = (
				E8B4039C826ED308CDB6A59F /* Info.plist */,
				8352CFB88596AEEE665D2289 /* SwiftyUserDefaults.h */,
				387E701DB6730F22DD9C2BCF /* SwiftyUserDefaults.swift */,
			);
			name = Sources;
			sourceTree = "<group>";
		};
		E25B9A3B65CD62DB15609DF0 /* Products */ = {
			isa = PBXGroup;
			children = (
				5FB84CAEDD1ED45E55869AC3 /* SwiftyUserDefaults.framework */,
				CE911D77ADA3883B97E5DF45 /* SwiftyUserDefaultsTests.xctest */,
			);
			name = Products;
			sourceTree = "<group>";
		};
		EEF43591C852EE5020F3D96E /* Tests */ = {
			isa = PBXGroup;
			children = (
				5403C73B8159E101319BDE20 /* Info.plist */,
				E50D49C02B52F193322A8CB4 /* SwiftyUserDefaultsTests.swift */,
				EE68DC4C16D31004634513A4 /* TestHelper.swift */,
			);
			name = Tests;
			sourceTree = "<group>";
		};
/* End PBXGroup section */

/* Begin PBXHeadersBuildPhase section */
		44810541D6055C7A90F0EEDB /* Headers */ = {
			isa = PBXHeadersBuildPhase;
			buildActionMask = 2147483647;
			files = (
				3981F45DB5C2F58C1DF4B34A /* SwiftyUserDefaults.h in Headers */,
			);
			runOnlyForDeploymentPostprocessing = 0;
		};
/* End PBXHeadersBuildPhase section */

/* Begin PBXNativeTarget section */
		B4EEFF918A0C7657FAD12C04 /* SwiftyUserDefaultsTests */ = {
			isa = PBXNativeTarget;
			buildConfigurationList = EF16B4E4DD52BDCE64970723 /* Build configuration list for PBXNativeTarget "SwiftyUserDefaultsTests" */;
			buildPhases = (
				B5DD5BAD92564BCFDFABA88E /* Sources */,
				1BD9151E2626EBF3A03CAA2B /* Resources */,
				40E5E6F76DEC820CFBED373E /* Frameworks */,
			);
			buildRules = (
			);
			dependencies = (
				25454EAB497487EE707199FF /* PBXTargetDependency */,
			);
			name = SwiftyUserDefaultsTests;
			productName = SwiftyUserDefaultsTests;
			productReference = CE911D77ADA3883B97E5DF45 /* SwiftyUserDefaultsTests.xctest */;
			productType = "com.apple.product-type.bundle.unit-test";
		};
		F2A3838126D8C4126BEDAD4E /* SwiftyUserDefaults */ = {
			isa = PBXNativeTarget;
			buildConfigurationList = 49E3DB65E9E835E427235CEB /* Build configuration list for PBXNativeTarget "SwiftyUserDefaults" */;
			buildPhases = (
				44810541D6055C7A90F0EEDB /* Headers */,
				DCD29CC5057ACDE553AAED91 /* Sources */,
				8993A466A44AE2FB7A84D148 /* Resources */,
				F85F5B2B41E171195AB6D84A /* Frameworks */,
			);
			buildRules = (
			);
			dependencies = (
			);
			name = SwiftyUserDefaults;
			productName = SwiftyUserDefaults;
			productReference = 5FB84CAEDD1ED45E55869AC3 /* SwiftyUserDefaults.framework */;
			productType = "com.apple.product-type.framework";
		};
/* End PBXNativeTarget section */

/* Begin PBXProject section */
		36EF09C67721F55EBC9FD05A /* Project object */ = {
			isa = PBXProject;
			attributes = {
				LastSwiftUpdateCheck = 0830;
				LastUpgradeCheck = 0700;
			};
			buildConfigurationList = F47C2FF9655AF8B0409D4DFD /* Build configuration list for PBXProject "SwiftyUserDefaults" */;
			compatibilityVersion = "Xcode 3.2";
			developmentRegion = English;
			hasScannedForEncodings = 0;
			knownRegions = (
				en,
			);
			mainGroup = 6B6D3D03170D870C4D6E57EB;
			productRefGroup = E25B9A3B65CD62DB15609DF0 /* Products */;
			projectDirPath = "";
			projectRoot = "";
			targets = (
				F2A3838126D8C4126BEDAD4E /* SwiftyUserDefaults */,
				B4EEFF918A0C7657FAD12C04 /* SwiftyUserDefaultsTests */,
			);
		};
/* End PBXProject section */

/* Begin PBXResourcesBuildPhase section */
		1BD9151E2626EBF3A03CAA2B /* Resources */ = {
			isa = PBXResourcesBuildPhase;
			buildActionMask = 2147483647;
			files = (
			);
			runOnlyForDeploymentPostprocessing = 0;
		};
		8993A466A44AE2FB7A84D148 /* Resources */ = {
			isa = PBXResourcesBuildPhase;
			buildActionMask = 2147483647;
			files = (
			);
			runOnlyForDeploymentPostprocessing = 0;
		};
/* End PBXResourcesBuildPhase section */

/* Begin PBXSourcesBuildPhase section */
		B5DD5BAD92564BCFDFABA88E /* Sources */ = {
			isa = PBXSourcesBuildPhase;
			buildActionMask = 2147483647;
			files = (
				CE4402D969DB618F25C3FC60 /* SwiftyUserDefaultsTests.swift in Sources */,
				16DAB06B6542CE6FA36224C2 /* TestHelper.swift in Sources */,
			);
			runOnlyForDeploymentPostprocessing = 0;
		};
		DCD29CC5057ACDE553AAED91 /* Sources */ = {
			isa = PBXSourcesBuildPhase;
			buildActionMask = 2147483647;
			files = (
				93A50BA8DAB5D1D2A2EC70A4 /* SwiftyUserDefaults.swift in Sources */,
			);
			runOnlyForDeploymentPostprocessing = 0;
		};
/* End PBXSourcesBuildPhase section */

/* Begin PBXTargetDependency section */
		25454EAB497487EE707199FF /* PBXTargetDependency */ = {
			isa = PBXTargetDependency;
			name = SwiftyUserDefaults;
			target = F2A3838126D8C4126BEDAD4E /* SwiftyUserDefaults */;
			targetProxy = 02A73399BEF53A616B76012C /* PBXContainerItemProxy */;
		};
/* End PBXTargetDependency section */

/* Begin XCBuildConfiguration section */
		0C774DE3C8C2EACD6B298A91 /* Debug */ = {
			isa = XCBuildConfiguration;
			buildSettings = {
				APPLICATION_EXTENSION_API_ONLY = NO;
				INFOPLIST_FILE = Tests/Info.plist;
				IPHONEOS_DEPLOYMENT_TARGET = 8.0;
				LD_RUNPATH_SEARCH_PATHS = "$(inherited) @executable_path/Frameworks @loader_path/Frameworks";
				"LD_RUNPATH_SEARCH_PATHS[sdk=macosx*]" = "$(inherited) @executable_path/../Frameworks @loader_path/../Frameworks";
				MACOSX_DEPLOYMENT_TARGET = 10.9;
				PRODUCT_BUNDLE_IDENTIFIER = io.radex.SwiftyUserDefaultsTests;
				SDKROOT = macosx;
				SUPPORTED_PLATFORMS = "macosx iphoneos iphonesimulator appletvos appletvsimulator watchos watchsimulator";
				SWIFT_ACTIVE_COMPILATION_CONDITIONS = DEBUG;
				SWIFT_OPTIMIZATION_LEVEL = "-Onone";
				SWIFT_VERSION = 4.0;
				TVOS_DEPLOYMENT_TARGET = 9.0;
				WATCHOS_DEPLOYMENT_TARGET = 2.0;
			};
			name = Debug;
		};
		4E34ABE002B9112005CC2309 /* Debug */ = {
			isa = XCBuildConfiguration;
			buildSettings = {
				ALWAYS_SEARCH_USER_PATHS = NO;
				CLANG_ANALYZER_NONNULL = YES;
				CLANG_ANALYZER_NUMBER_OBJECT_CONVERSION = YES_AGGRESSIVE;
				CLANG_CXX_LANGUAGE_STANDARD = "gnu++14";
				CLANG_CXX_LIBRARY = "libc++";
				CLANG_ENABLE_MODULES = YES;
				CLANG_ENABLE_OBJC_ARC = YES;
				CLANG_WARN_BLOCK_CAPTURE_AUTORELEASING = YES;
				CLANG_WARN_BOOL_CONVERSION = YES;
				CLANG_WARN_COMMA = YES;
				CLANG_WARN_CONSTANT_CONVERSION = YES;
				CLANG_WARN_DIRECT_OBJC_ISA_USAGE = YES_ERROR;
				CLANG_WARN_DOCUMENTATION_COMMENTS = YES;
				CLANG_WARN_EMPTY_BODY = YES;
				CLANG_WARN_ENUM_CONVERSION = YES;
				CLANG_WARN_INFINITE_RECURSION = YES;
				CLANG_WARN_INT_CONVERSION = YES;
				CLANG_WARN_NON_LITERAL_NULL_CONVERSION = YES;
				CLANG_WARN_OBJC_LITERAL_CONVERSION = YES;
				CLANG_WARN_OBJC_ROOT_CLASS = YES_ERROR;
				CLANG_WARN_RANGE_LOOP_ANALYSIS = YES;
				CLANG_WARN_STRICT_PROTOTYPES = YES;
				CLANG_WARN_SUSPICIOUS_MOVE = YES;
				CLANG_WARN_UNGUARDED_AVAILABILITY = YES_AGGRESSIVE;
				CLANG_WARN_UNREACHABLE_CODE = YES;
				CLANG_WARN__DUPLICATE_METHOD_MATCH = YES;
				CODE_SIGN_IDENTITY = "";
				COMBINE_HIDPI_IMAGES = YES;
				COPY_PHASE_STRIP = NO;
				DEBUG_INFORMATION_FORMAT = dwarf;
				ENABLE_STRICT_OBJC_MSGSEND = YES;
				ENABLE_TESTABILITY = YES;
				GCC_C_LANGUAGE_STANDARD = gnu11;
				GCC_DYNAMIC_NO_PIC = NO;
				GCC_NO_COMMON_BLOCKS = YES;
				GCC_OPTIMIZATION_LEVEL = 0;
				GCC_PREPROCESSOR_DEFINITIONS = (
					"DEBUG=1",
					"$(inherited)",
				);
				GCC_WARN_64_TO_32_BIT_CONVERSION = YES;
				GCC_WARN_ABOUT_RETURN_TYPE = YES_ERROR;
				GCC_WARN_UNDECLARED_SELECTOR = YES;
				GCC_WARN_UNINITIALIZED_AUTOS = YES_AGGRESSIVE;
				GCC_WARN_UNUSED_FUNCTION = YES;
				GCC_WARN_UNUSED_VARIABLE = YES;
				MTL_ENABLE_DEBUG_INFO = YES;
				ONLY_ACTIVE_ARCH = YES;
				PRODUCT_NAME = "$(TARGET_NAME)";
				SDKROOT = macosx;
				SWIFT_OPTIMIZATION_LEVEL = "-Owholemodule";
				TARGETED_DEVICE_FAMILY = "1,2,3,4";
			};
			name = Debug;
		};
		5FDC0BDF26E276AB7F561C0E /* Release */ = {
			isa = XCBuildConfiguration;
			buildSettings = {
				APPLICATION_EXTENSION_API_ONLY = YES;
				COMBINE_HIDPI_IMAGES = YES;
				CURRENT_PROJECT_VERSION = 1;
				DEFINES_MODULE = YES;
				DYLIB_COMPATIBILITY_VERSION = 1;
				DYLIB_CURRENT_VERSION = 1;
				DYLIB_INSTALL_NAME_BASE = "@rpath";
				FRAMEWORK_VERSION = A;
				INFOPLIST_FILE = Sources/Info.plist;
				INSTALL_PATH = "$(LOCAL_LIBRARY_DIR)/Frameworks";
				IPHONEOS_DEPLOYMENT_TARGET = 8.0;
				LD_RUNPATH_SEARCH_PATHS = "$(inherited) @executable_path/../Frameworks @loader_path/Frameworks";
				MACOSX_DEPLOYMENT_TARGET = 10.9;
				PRODUCT_BUNDLE_IDENTIFIER = io.radex.SwiftyUserDefaults;
				PRODUCT_NAME = "$(TARGET_NAME:c99extidentifier)";
				SDKROOT = macosx;
				SKIP_INSTALL = YES;
				SUPPORTED_PLATFORMS = "macosx iphoneos iphonesimulator appletvos appletvsimulator watchos watchsimulator";
				SWIFT_OPTIMIZATION_LEVEL = "-Owholemodule";
				SWIFT_VERSION = 4.0;
				TVOS_DEPLOYMENT_TARGET = 9.0;
				VERSIONING_SYSTEM = "apple-generic";
				VERSION_INFO_PREFIX = "";
				WATCHOS_DEPLOYMENT_TARGET = 2.0;
			};
			name = Release;
		};
		6797158B647AD3D40B49D9D7 /* Debug */ = {
			isa = XCBuildConfiguration;
			buildSettings = {
				APPLICATION_EXTENSION_API_ONLY = YES;
				COMBINE_HIDPI_IMAGES = YES;
				CURRENT_PROJECT_VERSION = 1;
				DEFINES_MODULE = YES;
				DYLIB_COMPATIBILITY_VERSION = 1;
				DYLIB_CURRENT_VERSION = 1;
				DYLIB_INSTALL_NAME_BASE = "@rpath";
				FRAMEWORK_VERSION = A;
				INFOPLIST_FILE = Sources/Info.plist;
				INSTALL_PATH = "$(LOCAL_LIBRARY_DIR)/Frameworks";
				IPHONEOS_DEPLOYMENT_TARGET = 8.0;
				LD_RUNPATH_SEARCH_PATHS = "$(inherited) @executable_path/../Frameworks @loader_path/Frameworks";
				MACOSX_DEPLOYMENT_TARGET = 10.9;
				PRODUCT_BUNDLE_IDENTIFIER = io.radex.SwiftyUserDefaults;
				PRODUCT_NAME = "$(TARGET_NAME:c99extidentifier)";
				SDKROOT = macosx;
				SKIP_INSTALL = YES;
				SUPPORTED_PLATFORMS = "macosx iphoneos iphonesimulator appletvos appletvsimulator watchos watchsimulator";
				SWIFT_ACTIVE_COMPILATION_CONDITIONS = DEBUG;
				SWIFT_OPTIMIZATION_LEVEL = "-Onone";
				SWIFT_VERSION = 4.0;
				TVOS_DEPLOYMENT_TARGET = 9.0;
				VERSIONING_SYSTEM = "apple-generic";
				VERSION_INFO_PREFIX = "";
				WATCHOS_DEPLOYMENT_TARGET = 2.0;
			};
			name = Debug;
		};
		7EF7BDB5953FF422ACB1F1BF /* Release */ = {
			isa = XCBuildConfiguration;
			buildSettings = {
				APPLICATION_EXTENSION_API_ONLY = NO;
				INFOPLIST_FILE = Tests/Info.plist;
				IPHONEOS_DEPLOYMENT_TARGET = 8.0;
				LD_RUNPATH_SEARCH_PATHS = "$(inherited) @executable_path/Frameworks @loader_path/Frameworks";
				"LD_RUNPATH_SEARCH_PATHS[sdk=macosx*]" = "$(inherited) @executable_path/../Frameworks @loader_path/../Frameworks";
				MACOSX_DEPLOYMENT_TARGET = 10.9;
				PRODUCT_BUNDLE_IDENTIFIER = io.radex.SwiftyUserDefaultsTests;
				SDKROOT = macosx;
				SUPPORTED_PLATFORMS = "macosx iphoneos iphonesimulator appletvos appletvsimulator watchos watchsimulator";
				SWIFT_OPTIMIZATION_LEVEL = "-Owholemodule";
				SWIFT_VERSION = 4.0;
				TVOS_DEPLOYMENT_TARGET = 9.0;
				WATCHOS_DEPLOYMENT_TARGET = 2.0;
			};
			name = Release;
		};
		E3964DF7ED370226AF8D64F4 /* Release */ = {
			isa = XCBuildConfiguration;
			buildSettings = {
				ALWAYS_SEARCH_USER_PATHS = NO;
				CLANG_ANALYZER_NONNULL = YES;
				CLANG_ANALYZER_NUMBER_OBJECT_CONVERSION = YES_AGGRESSIVE;
				CLANG_CXX_LANGUAGE_STANDARD = "gnu++14";
				CLANG_CXX_LIBRARY = "libc++";
				CLANG_ENABLE_MODULES = YES;
				CLANG_ENABLE_OBJC_ARC = YES;
				CLANG_WARN_BLOCK_CAPTURE_AUTORELEASING = YES;
				CLANG_WARN_BOOL_CONVERSION = YES;
				CLANG_WARN_COMMA = YES;
				CLANG_WARN_CONSTANT_CONVERSION = YES;
				CLANG_WARN_DIRECT_OBJC_ISA_USAGE = YES_ERROR;
				CLANG_WARN_DOCUMENTATION_COMMENTS = YES;
				CLANG_WARN_EMPTY_BODY = YES;
				CLANG_WARN_ENUM_CONVERSION = YES;
				CLANG_WARN_INFINITE_RECURSION = YES;
				CLANG_WARN_INT_CONVERSION = YES;
				CLANG_WARN_NON_LITERAL_NULL_CONVERSION = YES;
				CLANG_WARN_OBJC_LITERAL_CONVERSION = YES;
				CLANG_WARN_OBJC_ROOT_CLASS = YES_ERROR;
				CLANG_WARN_RANGE_LOOP_ANALYSIS = YES;
				CLANG_WARN_STRICT_PROTOTYPES = YES;
				CLANG_WARN_SUSPICIOUS_MOVE = YES;
				CLANG_WARN_UNGUARDED_AVAILABILITY = YES_AGGRESSIVE;
				CLANG_WARN_UNREACHABLE_CODE = YES;
				CLANG_WARN__DUPLICATE_METHOD_MATCH = YES;
				CODE_SIGN_IDENTITY = "";
				COMBINE_HIDPI_IMAGES = YES;
				COPY_PHASE_STRIP = NO;
				DEBUG_INFORMATION_FORMAT = "dwarf-with-dsym";
				ENABLE_NS_ASSERTIONS = NO;
				ENABLE_STRICT_OBJC_MSGSEND = YES;
				GCC_C_LANGUAGE_STANDARD = gnu11;
				GCC_NO_COMMON_BLOCKS = YES;
				GCC_WARN_64_TO_32_BIT_CONVERSION = YES;
				GCC_WARN_ABOUT_RETURN_TYPE = YES_ERROR;
				GCC_WARN_UNDECLARED_SELECTOR = YES;
				GCC_WARN_UNINITIALIZED_AUTOS = YES_AGGRESSIVE;
				GCC_WARN_UNUSED_FUNCTION = YES;
				GCC_WARN_UNUSED_VARIABLE = YES;
				MTL_ENABLE_DEBUG_INFO = NO;
				PRODUCT_NAME = "$(TARGET_NAME)";
				SDKROOT = macosx;
				SWIFT_OPTIMIZATION_LEVEL = "-Owholemodule";
				TARGETED_DEVICE_FAMILY = "1,2,3,4";
			};
			name = Release;
		};
/* End XCBuildConfiguration section */

/* Begin XCConfigurationList section */
		49E3DB65E9E835E427235CEB /* Build configuration list for PBXNativeTarget "SwiftyUserDefaults" */ = {
			isa = XCConfigurationList;
			buildConfigurations = (
				5FDC0BDF26E276AB7F561C0E /* Release */,
				6797158B647AD3D40B49D9D7 /* Debug */,
			);
			defaultConfigurationIsVisible = 0;
			defaultConfigurationName = Release;
		};
		EF16B4E4DD52BDCE64970723 /* Build configuration list for PBXNativeTarget "SwiftyUserDefaultsTests" */ = {
			isa = XCConfigurationList;
			buildConfigurations = (
				7EF7BDB5953FF422ACB1F1BF /* Release */,
				0C774DE3C8C2EACD6B298A91 /* Debug */,
			);
			defaultConfigurationIsVisible = 0;
			defaultConfigurationName = Release;
		};
		F47C2FF9655AF8B0409D4DFD /* Build configuration list for PBXProject "SwiftyUserDefaults" */ = {
			isa = XCConfigurationList;
			buildConfigurations = (
				4E34ABE002B9112005CC2309 /* Debug */,
				E3964DF7ED370226AF8D64F4 /* Release */,
			);
			defaultConfigurationIsVisible = 0;
			defaultConfigurationName = Release;
		};
/* End XCConfigurationList section */
	};
	rootObject = 36EF09C67721F55EBC9FD05A /* Project object */;
}
