// !$*UTF8*$!
{
   archiveVersion = "1";
   objectVersion = "46";
   objects = {
      "Nimble::Nimble" = {
         isa = "PBXNativeTarget";
         buildConfigurationList = "OBJ_148";
         buildPhases = (
            "OBJ_151",
            "OBJ_203"
         );
         dependencies = (
         );
         name = "Nimble";
         productName = "Nimble";
         productReference = "Nimble::Nimble::Product";
         productType = "com.apple.product-type.framework";
      };
      "Nimble::Nimble::Product" = {
         isa = "PBXFileReference";
         path = "Nimble.framework";
         sourceTree = "BUILT_PRODUCTS_DIR";
      };
      "Nimble::SwiftPMPackageDescription" = {
         isa = "PBXNativeTarget";
         buildConfigurationList = "OBJ_205";
         buildPhases = (
            "OBJ_208"
         );
         dependencies = (
         );
         name = "NimblePackageDescription";
         productName = "NimblePackageDescription";
         productType = "com.apple.product-type.framework";
      };
      "OBJ_1" = {
         isa = "PBXProject";
         attributes = {
            LastSwiftMigration = "9999";
            LastUpgradeCheck = "9999";
         };
         buildConfigurationList = "OBJ_2";
         compatibilityVersion = "Xcode 3.2";
         developmentRegion = "English";
         hasScannedForEncodings = "0";
         knownRegions = (
            "en"
         );
         mainGroup = "OBJ_5";
         productRefGroup = "OBJ_131";
         projectDirPath = ".";
         targets = (
            "Nimble::Nimble",
            "Nimble::SwiftPMPackageDescription",
            "Quick::Quick",
            "Quick::SwiftPMPackageDescription",
            "Quick::QuickSpecBase",
            "SwiftyUserDefaults::SwiftyUserDefaults",
            "SwiftyUserDefaults::SwiftPMPackageDescription",
            "SwiftyUserDefaults::SwiftyUserDefaultsPackageTests::ProductTarget",
            "SwiftyUserDefaults::SwiftyUserDefaultsTests"
         );
      };
      "OBJ_10" = {
         isa = "PBXFileReference";
         path = "Defaults+Subscripts.swift";
         sourceTree = "<group>";
      };
      "OBJ_100" = {
         isa = "PBXFileReference";
         path = "BeIdenticalTo.swift";
         sourceTree = "<group>";
      };
      "OBJ_101" = {
         isa = "PBXFileReference";
         path = "BeLessThan.swift";
         sourceTree = "<group>";
      };
      "OBJ_102" = {
         isa = "PBXFileReference";
         path = "BeLessThanOrEqual.swift";
         sourceTree = "<group>";
      };
      "OBJ_103" = {
         isa = "PBXFileReference";
         path = "BeLogical.swift";
         sourceTree = "<group>";
      };
      "OBJ_104" = {
         isa = "PBXFileReference";
         path = "BeNil.swift";
         sourceTree = "<group>";
      };
      "OBJ_105" = {
         isa = "PBXFileReference";
         path = "BeVoid.swift";
         sourceTree = "<group>";
      };
      "OBJ_106" = {
         isa = "PBXFileReference";
         path = "BeginWith.swift";
         sourceTree = "<group>";
      };
      "OBJ_107" = {
         isa = "PBXFileReference";
         path = "Contain.swift";
         sourceTree = "<group>";
      };
      "OBJ_108" = {
         isa = "PBXFileReference";
         path = "ContainElementSatisfying.swift";
         sourceTree = "<group>";
      };
      "OBJ_109" = {
         isa = "PBXFileReference";
         path = "EndWith.swift";
         sourceTree = "<group>";
      };
      "OBJ_11" = {
         isa = "PBXFileReference";
         path = "Defaults.swift";
         sourceTree = "<group>";
      };
      "OBJ_110" = {
         isa = "PBXFileReference";
         path = "Equal.swift";
         sourceTree = "<group>";
      };
      "OBJ_111" = {
         isa = "PBXFileReference";
         path = "HaveCount.swift";
         sourceTree = "<group>";
      };
      "OBJ_112" = {
         isa = "PBXFileReference";
         path = "Match.swift";
         sourceTree = "<group>";
      };
      "OBJ_113" = {
         isa = "PBXFileReference";
         path = "MatchError.swift";
         sourceTree = "<group>";
      };
      "OBJ_114" = {
         isa = "PBXFileReference";
         path = "MatcherFunc.swift";
         sourceTree = "<group>";
      };
      "OBJ_115" = {
         isa = "PBXFileReference";
         path = "MatcherProtocols.swift";
         sourceTree = "<group>";
      };
      "OBJ_116" = {
         isa = "PBXFileReference";
         path = "PostNotification.swift";
         sourceTree = "<group>";
      };
      "OBJ_117" = {
         isa = "PBXFileReference";
         path = "Predicate.swift";
         sourceTree = "<group>";
      };
      "OBJ_118" = {
         isa = "PBXFileReference";
         path = "RaisesException.swift";
         sourceTree = "<group>";
      };
      "OBJ_119" = {
         isa = "PBXFileReference";
         path = "SatisfyAllOf.swift";
         sourceTree = "<group>";
      };
      "OBJ_12" = {
         isa = "PBXFileReference";
         path = "DefaultsKeys.swift";
         sourceTree = "<group>";
      };
      "OBJ_120" = {
         isa = "PBXFileReference";
         path = "SatisfyAnyOf.swift";
         sourceTree = "<group>";
      };
      "OBJ_121" = {
         isa = "PBXFileReference";
         path = "ThrowAssertion.swift";
         sourceTree = "<group>";
      };
      "OBJ_122" = {
         isa = "PBXFileReference";
         path = "ThrowError.swift";
         sourceTree = "<group>";
      };
      "OBJ_123" = {
         isa = "PBXFileReference";
         path = "ToSucceed.swift";
         sourceTree = "<group>";
      };
      "OBJ_124" = {
         isa = "PBXGroup";
         children = (
            "OBJ_125",
            "OBJ_126",
            "OBJ_127",
            "OBJ_128",
            "OBJ_129"
         );
         name = "Utils";
         path = "Utils";
         sourceTree = "<group>";
      };
      "OBJ_125" = {
         isa = "PBXFileReference";
         path = "Await.swift";
         sourceTree = "<group>";
      };
      "OBJ_126" = {
         isa = "PBXFileReference";
         path = "Errors.swift";
         sourceTree = "<group>";
      };
      "OBJ_127" = {
         isa = "PBXFileReference";
         path = "Functional.swift";
         sourceTree = "<group>";
      };
      "OBJ_128" = {
         isa = "PBXFileReference";
         path = "SourceLocation.swift";
         sourceTree = "<group>";
      };
      "OBJ_129" = {
         isa = "PBXFileReference";
         path = "Stringers.swift";
         sourceTree = "<group>";
      };
      "OBJ_13" = {
         isa = "PBXFileReference";
         path = "DefaultsSerializable+BuiltIns.swift";
         sourceTree = "<group>";
      };
      "OBJ_130" = {
         isa = "PBXFileReference";
         explicitFileType = "sourcecode.swift";
         name = "Package.swift";
         path = "/Users/sunshinejr/Projects/Open Source/SwiftyUserDefaults/.build/checkouts/Nimble/Package.swift";
         sourceTree = "<group>";
      };
      "OBJ_131" = {
         isa = "PBXGroup";
         children = (
            "Quick::QuickSpecBase::Product",
            "SwiftyUserDefaults::SwiftyUserDefaultsTests::Product",
            "Quick::Quick::Product",
            "SwiftyUserDefaults::SwiftyUserDefaults::Product",
            "Nimble::Nimble::Product"
         );
         name = "Products";
         path = "";
         sourceTree = "BUILT_PRODUCTS_DIR";
      };
      "OBJ_137" = {
         isa = "PBXFileReference";
         path = "MigrationGuides";
         sourceTree = "SOURCE_ROOT";
      };
      "OBJ_138" = {
         isa = "PBXFileReference";
         path = "Carthage";
         sourceTree = "SOURCE_ROOT";
      };
      "OBJ_139" = {
         isa = "PBXFileReference";
         path = "scripts";
         sourceTree = "SOURCE_ROOT";
      };
      "OBJ_14" = {
         isa = "PBXFileReference";
         path = "DefaultsSerializable.swift";
         sourceTree = "<group>";
      };
      "OBJ_140" = {
         isa = "PBXFileReference";
         path = "Cartfile.resolved";
         sourceTree = "<group>";
      };
      "OBJ_141" = {
         isa = "PBXFileReference";
         path = "LICENSE";
         sourceTree = "<group>";
      };
      "OBJ_142" = {
         isa = "PBXFileReference";
         path = "CHANGELOG.md";
         sourceTree = "<group>";
      };
      "OBJ_143" = {
         isa = "PBXFileReference";
         path = "README.md";
         sourceTree = "<group>";
      };
      "OBJ_144" = {
         isa = "PBXFileReference";
         path = "Cartfile.private";
         sourceTree = "<group>";
      };
      "OBJ_145" = {
         isa = "PBXFileReference";
         path = "FrameworkSpec";
         sourceTree = "<group>";
      };
      "OBJ_146" = {
         isa = "PBXFileReference";
         path = "SwiftyUserDefaults.podspec";
         sourceTree = "<group>";
      };
      "OBJ_148" = {
         isa = "XCConfigurationList";
         buildConfigurations = (
            "OBJ_149",
            "OBJ_150"
         );
         defaultConfigurationIsVisible = "0";
         defaultConfigurationName = "Release";
      };
      "OBJ_149" = {
         isa = "XCBuildConfiguration";
         buildSettings = {
            ENABLE_TESTABILITY = "YES";
            FRAMEWORK_SEARCH_PATHS = (
               "$(inherited)",
               "$(PLATFORM_DIR)/Developer/Library/Frameworks"
            );
            HEADER_SEARCH_PATHS = (
               "$(inherited)"
            );
            INFOPLIST_FILE = "SwiftyUserDefaults.xcodeproj/Nimble_Info.plist";
            IPHONEOS_DEPLOYMENT_TARGET = "8.0";
            LD_RUNPATH_SEARCH_PATHS = (
               "$(inherited)",
               "$(TOOLCHAIN_DIR)/usr/lib/swift/macosx"
            );
            MACOSX_DEPLOYMENT_TARGET = "10.10";
            OTHER_CFLAGS = (
               "$(inherited)"
            );
            OTHER_LDFLAGS = (
               "$(inherited)"
            );
            OTHER_SWIFT_FLAGS = (
               "$(inherited)"
            );
            PRODUCT_BUNDLE_IDENTIFIER = "Nimble";
            PRODUCT_MODULE_NAME = "$(TARGET_NAME:c99extidentifier)";
            PRODUCT_NAME = "$(TARGET_NAME:c99extidentifier)";
            SKIP_INSTALL = "YES";
            SWIFT_ACTIVE_COMPILATION_CONDITIONS = (
               "$(inherited)"
            );
            SWIFT_VERSION = "4.0";
            TARGET_NAME = "Nimble";
            TVOS_DEPLOYMENT_TARGET = "9.0";
            WATCHOS_DEPLOYMENT_TARGET = "2.0";
         };
         name = "Debug";
      };
      "OBJ_15" = {
         isa = "PBXFileReference";
         path = "OptionalType.swift";
         sourceTree = "<group>";
      };
      "OBJ_150" = {
         isa = "XCBuildConfiguration";
         buildSettings = {
            ENABLE_TESTABILITY = "YES";
            FRAMEWORK_SEARCH_PATHS = (
               "$(inherited)",
               "$(PLATFORM_DIR)/Developer/Library/Frameworks"
            );
            HEADER_SEARCH_PATHS = (
               "$(inherited)"
            );
            INFOPLIST_FILE = "SwiftyUserDefaults.xcodeproj/Nimble_Info.plist";
            IPHONEOS_DEPLOYMENT_TARGET = "8.0";
            LD_RUNPATH_SEARCH_PATHS = (
               "$(inherited)",
               "$(TOOLCHAIN_DIR)/usr/lib/swift/macosx"
            );
            MACOSX_DEPLOYMENT_TARGET = "10.10";
            OTHER_CFLAGS = (
               "$(inherited)"
            );
            OTHER_LDFLAGS = (
               "$(inherited)"
            );
            OTHER_SWIFT_FLAGS = (
               "$(inherited)"
            );
            PRODUCT_BUNDLE_IDENTIFIER = "Nimble";
            PRODUCT_MODULE_NAME = "$(TARGET_NAME:c99extidentifier)";
            PRODUCT_NAME = "$(TARGET_NAME:c99extidentifier)";
            SKIP_INSTALL = "YES";
            SWIFT_ACTIVE_COMPILATION_CONDITIONS = (
               "$(inherited)"
            );
            SWIFT_VERSION = "4.0";
            TARGET_NAME = "Nimble";
            TVOS_DEPLOYMENT_TARGET = "9.0";
            WATCHOS_DEPLOYMENT_TARGET = "2.0";
         };
         name = "Release";
      };
      "OBJ_151" = {
         isa = "PBXSourcesBuildPhase";
         files = (
            "OBJ_152",
            "OBJ_153",
            "OBJ_154",
            "OBJ_155",
            "OBJ_156",
            "OBJ_157",
            "OBJ_158",
            "OBJ_159",
            "OBJ_160",
            "OBJ_161",
            "OBJ_162",
            "OBJ_163",
            "OBJ_164",
            "OBJ_165",
            "OBJ_166",
            "OBJ_167",
            "OBJ_168",
            "OBJ_169",
            "OBJ_170",
            "OBJ_171",
            "OBJ_172",
            "OBJ_173",
            "OBJ_174",
            "OBJ_175",
            "OBJ_176",
            "OBJ_177",
            "OBJ_178",
            "OBJ_179",
            "OBJ_180",
            "OBJ_181",
            "OBJ_182",
            "OBJ_183",
            "OBJ_184",
            "OBJ_185",
            "OBJ_186",
            "OBJ_187",
            "OBJ_188",
            "OBJ_189",
            "OBJ_190",
            "OBJ_191",
            "OBJ_192",
            "OBJ_193",
            "OBJ_194",
            "OBJ_195",
            "OBJ_196",
            "OBJ_197",
            "OBJ_198",
            "OBJ_199",
            "OBJ_200",
            "OBJ_201",
            "OBJ_202"
         );
      };
      "OBJ_152" = {
         isa = "PBXBuildFile";
         fileRef = "OBJ_76";
      };
      "OBJ_153" = {
         isa = "PBXBuildFile";
         fileRef = "OBJ_77";
      };
      "OBJ_154" = {
         isa = "PBXBuildFile";
         fileRef = "OBJ_78";
      };
      "OBJ_155" = {
         isa = "PBXBuildFile";
         fileRef = "OBJ_79";
      };
      "OBJ_156" = {
         isa = "PBXBuildFile";
         fileRef = "OBJ_80";
      };
      "OBJ_157" = {
         isa = "PBXBuildFile";
         fileRef = "OBJ_81";
      };
      "OBJ_158" = {
         isa = "PBXBuildFile";
         fileRef = "OBJ_82";
      };
      "OBJ_159" = {
         isa = "PBXBuildFile";
         fileRef = "OBJ_84";
      };
      "OBJ_16" = {
         isa = "PBXGroup";
         children = (
            "OBJ_17"
         );
         name = "Tests";
         path = "";
         sourceTree = "SOURCE_ROOT";
      };
      "OBJ_160" = {
         isa = "PBXBuildFile";
         fileRef = "OBJ_85";
      };
      "OBJ_161" = {
         isa = "PBXBuildFile";
         fileRef = "OBJ_86";
      };
      "OBJ_162" = {
         isa = "PBXBuildFile";
         fileRef = "OBJ_87";
      };
      "OBJ_163" = {
         isa = "PBXBuildFile";
         fileRef = "OBJ_88";
      };
      "OBJ_164" = {
         isa = "PBXBuildFile";
         fileRef = "OBJ_89";
      };
      "OBJ_165" = {
         isa = "PBXBuildFile";
         fileRef = "OBJ_90";
      };
      "OBJ_166" = {
         isa = "PBXBuildFile";
         fileRef = "OBJ_92";
      };
      "OBJ_167" = {
         isa = "PBXBuildFile";
         fileRef = "OBJ_93";
      };
      "OBJ_168" = {
         isa = "PBXBuildFile";
         fileRef = "OBJ_94";
      };
      "OBJ_169" = {
         isa = "PBXBuildFile";
         fileRef = "OBJ_95";
      };
      "OBJ_17" = {
         isa = "PBXGroup";
         children = (
            "OBJ_18",
            "OBJ_22",
            "OBJ_25",
            "OBJ_33",
            "OBJ_36"
         );
         name = "SwiftyUserDefaultsTests";
         path = "Tests/SwiftyUserDefaultsTests";
         sourceTree = "SOURCE_ROOT";
      };
      "OBJ_170" = {
         isa = "PBXBuildFile";
         fileRef = "OBJ_96";
      };
      "OBJ_171" = {
         isa = "PBXBuildFile";
         fileRef = "OBJ_97";
      };
      "OBJ_172" = {
         isa = "PBXBuildFile";
         fileRef = "OBJ_98";
      };
      "OBJ_173" = {
         isa = "PBXBuildFile";
         fileRef = "OBJ_99";
      };
      "OBJ_174" = {
         isa = "PBXBuildFile";
         fileRef = "OBJ_100";
      };
      "OBJ_175" = {
         isa = "PBXBuildFile";
         fileRef = "OBJ_101";
      };
      "OBJ_176" = {
         isa = "PBXBuildFile";
         fileRef = "OBJ_102";
      };
      "OBJ_177" = {
         isa = "PBXBuildFile";
         fileRef = "OBJ_103";
      };
      "OBJ_178" = {
         isa = "PBXBuildFile";
         fileRef = "OBJ_104";
      };
      "OBJ_179" = {
         isa = "PBXBuildFile";
         fileRef = "OBJ_105";
      };
      "OBJ_18" = {
         isa = "PBXGroup";
         children = (
            "OBJ_19",
            "OBJ_20",
            "OBJ_21"
         );
         name = "Codable";
         path = "Codable";
         sourceTree = "<group>";
      };
      "OBJ_180" = {
         isa = "PBXBuildFile";
         fileRef = "OBJ_106";
      };
      "OBJ_181" = {
         isa = "PBXBuildFile";
         fileRef = "OBJ_107";
      };
      "OBJ_182" = {
         isa = "PBXBuildFile";
         fileRef = "OBJ_108";
      };
      "OBJ_183" = {
         isa = "PBXBuildFile";
         fileRef = "OBJ_109";
      };
      "OBJ_184" = {
         isa = "PBXBuildFile";
         fileRef = "OBJ_110";
      };
      "OBJ_185" = {
         isa = "PBXBuildFile";
         fileRef = "OBJ_111";
      };
      "OBJ_186" = {
         isa = "PBXBuildFile";
         fileRef = "OBJ_112";
      };
      "OBJ_187" = {
         isa = "PBXBuildFile";
         fileRef = "OBJ_113";
      };
      "OBJ_188" = {
         isa = "PBXBuildFile";
         fileRef = "OBJ_114";
      };
      "OBJ_189" = {
         isa = "PBXBuildFile";
         fileRef = "OBJ_115";
      };
      "OBJ_19" = {
         isa = "PBXFileReference";
         path = "Defaults+FrogCodable.swift";
         sourceTree = "<group>";
      };
      "OBJ_190" = {
         isa = "PBXBuildFile";
         fileRef = "OBJ_116";
      };
      "OBJ_191" = {
         isa = "PBXBuildFile";
         fileRef = "OBJ_117";
      };
      "OBJ_192" = {
         isa = "PBXBuildFile";
         fileRef = "OBJ_118";
      };
      "OBJ_193" = {
         isa = "PBXBuildFile";
         fileRef = "OBJ_119";
      };
      "OBJ_194" = {
         isa = "PBXBuildFile";
         fileRef = "OBJ_120";
      };
      "OBJ_195" = {
         isa = "PBXBuildFile";
         fileRef = "OBJ_121";
      };
      "OBJ_196" = {
         isa = "PBXBuildFile";
         fileRef = "OBJ_122";
      };
      "OBJ_197" = {
         isa = "PBXBuildFile";
         fileRef = "OBJ_123";
      };
      "OBJ_198" = {
         isa = "PBXBuildFile";
         fileRef = "OBJ_125";
      };
      "OBJ_199" = {
         isa = "PBXBuildFile";
         fileRef = "OBJ_126";
      };
      "OBJ_2" = {
         isa = "XCConfigurationList";
         buildConfigurations = (
            "OBJ_3",
            "OBJ_4"
         );
         defaultConfigurationIsVisible = "0";
         defaultConfigurationName = "Release";
      };
      "OBJ_20" = {
         isa = "PBXFileReference";
         path = "Defaults+FrogDefaultCodable.swift";
         sourceTree = "<group>";
      };
      "OBJ_200" = {
         isa = "PBXBuildFile";
         fileRef = "OBJ_127";
      };
      "OBJ_201" = {
         isa = "PBXBuildFile";
         fileRef = "OBJ_128";
      };
      "OBJ_202" = {
         isa = "PBXBuildFile";
         fileRef = "OBJ_129";
      };
      "OBJ_203" = {
         isa = "PBXFrameworksBuildPhase";
         files = (
         );
      };
      "OBJ_205" = {
         isa = "XCConfigurationList";
         buildConfigurations = (
            "OBJ_206",
            "OBJ_207"
         );
         defaultConfigurationIsVisible = "0";
         defaultConfigurationName = "Release";
      };
      "OBJ_206" = {
         isa = "XCBuildConfiguration";
         buildSettings = {
            LD = "/usr/bin/true";
            OTHER_SWIFT_FLAGS = (
               "-swift-version",
               "4",
               "-I",
               "$(TOOLCHAIN_DIR)/usr/lib/swift/pm/4",
               "-target",
               "x86_64-apple-macosx10.10",
               "-sdk",
               "/Applications/Xcode-beta.app/Contents/Developer/Platforms/MacOSX.platform/Developer/SDKs/MacOSX10.14.sdk"
            );
            SWIFT_VERSION = "4.0";
         };
         name = "Debug";
      };
      "OBJ_207" = {
         isa = "XCBuildConfiguration";
         buildSettings = {
            LD = "/usr/bin/true";
            OTHER_SWIFT_FLAGS = (
               "-swift-version",
               "4",
               "-I",
               "$(TOOLCHAIN_DIR)/usr/lib/swift/pm/4",
               "-target",
               "x86_64-apple-macosx10.10",
               "-sdk",
               "/Applications/Xcode-beta.app/Contents/Developer/Platforms/MacOSX.platform/Developer/SDKs/MacOSX10.14.sdk"
            );
            SWIFT_VERSION = "4.0";
         };
         name = "Release";
      };
      "OBJ_208" = {
         isa = "PBXSourcesBuildPhase";
         files = (
            "OBJ_209"
         );
      };
      "OBJ_209" = {
         isa = "PBXBuildFile";
         fileRef = "OBJ_130";
      };
      "OBJ_21" = {
         isa = "PBXFileReference";
         path = "Defaults+Loginer.swift";
         sourceTree = "<group>";
      };
      "OBJ_211" = {
         isa = "XCConfigurationList";
         buildConfigurations = (
            "OBJ_212",
            "OBJ_213"
         );
         defaultConfigurationIsVisible = "0";
         defaultConfigurationName = "Release";
      };
      "OBJ_212" = {
         isa = "XCBuildConfiguration";
         buildSettings = {
            ENABLE_TESTABILITY = "YES";
            FRAMEWORK_SEARCH_PATHS = (
               "$(inherited)",
               "$(PLATFORM_DIR)/Developer/Library/Frameworks"
            );
            HEADER_SEARCH_PATHS = (
               "$(inherited)",
               "$(SRCROOT)/.build/checkouts/Quick/Sources/QuickSpecBase/include"
            );
            INFOPLIST_FILE = "SwiftyUserDefaults.xcodeproj/Quick_Info.plist";
            IPHONEOS_DEPLOYMENT_TARGET = "8.0";
            LD_RUNPATH_SEARCH_PATHS = (
               "$(inherited)",
               "$(TOOLCHAIN_DIR)/usr/lib/swift/macosx"
            );
            MACOSX_DEPLOYMENT_TARGET = "10.10";
            OTHER_CFLAGS = (
               "$(inherited)"
            );
            OTHER_LDFLAGS = (
               "$(inherited)"
            );
            OTHER_SWIFT_FLAGS = (
               "$(inherited)"
            );
            PRODUCT_BUNDLE_IDENTIFIER = "Quick";
            PRODUCT_MODULE_NAME = "$(TARGET_NAME:c99extidentifier)";
            PRODUCT_NAME = "$(TARGET_NAME:c99extidentifier)";
            SKIP_INSTALL = "YES";
            SWIFT_ACTIVE_COMPILATION_CONDITIONS = (
               "$(inherited)"
            );
            SWIFT_VERSION = "4.0";
            TARGET_NAME = "Quick";
            TVOS_DEPLOYMENT_TARGET = "9.0";
            WATCHOS_DEPLOYMENT_TARGET = "2.0";
         };
         name = "Debug";
      };
      "OBJ_213" = {
         isa = "XCBuildConfiguration";
         buildSettings = {
            ENABLE_TESTABILITY = "YES";
            FRAMEWORK_SEARCH_PATHS = (
               "$(inherited)",
               "$(PLATFORM_DIR)/Developer/Library/Frameworks"
            );
            HEADER_SEARCH_PATHS = (
               "$(inherited)",
               "$(SRCROOT)/.build/checkouts/Quick/Sources/QuickSpecBase/include"
            );
            INFOPLIST_FILE = "SwiftyUserDefaults.xcodeproj/Quick_Info.plist";
            IPHONEOS_DEPLOYMENT_TARGET = "8.0";
            LD_RUNPATH_SEARCH_PATHS = (
               "$(inherited)",
               "$(TOOLCHAIN_DIR)/usr/lib/swift/macosx"
            );
            MACOSX_DEPLOYMENT_TARGET = "10.10";
            OTHER_CFLAGS = (
               "$(inherited)"
            );
            OTHER_LDFLAGS = (
               "$(inherited)"
            );
            OTHER_SWIFT_FLAGS = (
               "$(inherited)"
            );
            PRODUCT_BUNDLE_IDENTIFIER = "Quick";
            PRODUCT_MODULE_NAME = "$(TARGET_NAME:c99extidentifier)";
            PRODUCT_NAME = "$(TARGET_NAME:c99extidentifier)";
            SKIP_INSTALL = "YES";
            SWIFT_ACTIVE_COMPILATION_CONDITIONS = (
               "$(inherited)"
            );
            SWIFT_VERSION = "4.0";
            TARGET_NAME = "Quick";
            TVOS_DEPLOYMENT_TARGET = "9.0";
            WATCHOS_DEPLOYMENT_TARGET = "2.0";
         };
         name = "Release";
      };
      "OBJ_214" = {
         isa = "PBXSourcesBuildPhase";
         files = (
            "OBJ_215",
            "OBJ_216",
            "OBJ_217",
            "OBJ_218",
            "OBJ_219",
            "OBJ_220",
            "OBJ_221",
            "OBJ_222",
            "OBJ_223",
            "OBJ_224",
            "OBJ_225",
            "OBJ_226",
            "OBJ_227",
            "OBJ_228",
            "OBJ_229",
            "OBJ_230",
            "OBJ_231",
            "OBJ_232",
            "OBJ_233",
            "OBJ_234",
            "OBJ_235",
            "OBJ_236",
            "OBJ_237"
         );
      };
      "OBJ_215" = {
         isa = "PBXBuildFile";
         fileRef = "OBJ_42";
      };
      "OBJ_216" = {
         isa = "PBXBuildFile";
         fileRef = "OBJ_43";
      };
      "OBJ_217" = {
         isa = "PBXBuildFile";
         fileRef = "OBJ_45";
      };
      "OBJ_218" = {
         isa = "PBXBuildFile";
         fileRef = "OBJ_46";
      };
      "OBJ_219" = {
         isa = "PBXBuildFile";
         fileRef = "OBJ_48";
      };
      "OBJ_22" = {
         isa = "PBXGroup";
         children = (
            "OBJ_23",
            "OBJ_24"
         );
         name = "NSCoding";
         path = "NSCoding";
         sourceTree = "<group>";
      };
      "OBJ_220" = {
         isa = "PBXBuildFile";
         fileRef = "OBJ_49";
      };
      "OBJ_221" = {
         isa = "PBXBuildFile";
         fileRef = "OBJ_50";
      };
      "OBJ_222" = {
         isa = "PBXBuildFile";
         fileRef = "OBJ_51";
      };
      "OBJ_223" = {
         isa = "PBXBuildFile";
         fileRef = "OBJ_52";
      };
      "OBJ_224" = {
         isa = "PBXBuildFile";
         fileRef = "OBJ_53";
      };
      "OBJ_225" = {
         isa = "PBXBuildFile";
         fileRef = "OBJ_54";
      };
      "OBJ_226" = {
         isa = "PBXBuildFile";
         fileRef = "OBJ_56";
      };
      "OBJ_227" = {
         isa = "PBXBuildFile";
         fileRef = "OBJ_57";
      };
      "OBJ_228" = {
         isa = "PBXBuildFile";
         fileRef = "OBJ_58";
      };
      "OBJ_229" = {
         isa = "PBXBuildFile";
         fileRef = "OBJ_59";
      };
      "OBJ_23" = {
         isa = "PBXFileReference";
         path = "Defaults+FrogDefaultSerializable.swift";
         sourceTree = "<group>";
      };
      "OBJ_230" = {
         isa = "PBXBuildFile";
         fileRef = "OBJ_60";
      };
      "OBJ_231" = {
         isa = "PBXBuildFile";
         fileRef = "OBJ_61";
      };
      "OBJ_232" = {
         isa = "PBXBuildFile";
         fileRef = "OBJ_62";
      };
      "OBJ_233" = {
         isa = "PBXBuildFile";
         fileRef = "OBJ_63";
      };
      "OBJ_234" = {
         isa = "PBXBuildFile";
         fileRef = "OBJ_64";
      };
      "OBJ_235" = {
         isa = "PBXBuildFile";
         fileRef = "OBJ_65";
      };
      "OBJ_236" = {
         isa = "PBXBuildFile";
         fileRef = "OBJ_66";
      };
      "OBJ_237" = {
         isa = "PBXBuildFile";
         fileRef = "OBJ_67";
      };
      "OBJ_238" = {
         isa = "PBXFrameworksBuildPhase";
         files = (
            "OBJ_239"
         );
      };
      "OBJ_239" = {
         isa = "PBXBuildFile";
         fileRef = "Quick::QuickSpecBase::Product";
      };
      "OBJ_24" = {
         isa = "PBXFileReference";
         path = "Defaults+FrogSerializable.swift";
         sourceTree = "<group>";
      };
      "OBJ_240" = {
         isa = "PBXTargetDependency";
         target = "Quick::QuickSpecBase";
      };
      "OBJ_243" = {
         isa = "XCConfigurationList";
         buildConfigurations = (
            "OBJ_244",
            "OBJ_245"
         );
         defaultConfigurationIsVisible = "0";
         defaultConfigurationName = "Release";
      };
      "OBJ_244" = {
         isa = "XCBuildConfiguration";
         buildSettings = {
            LD = "/usr/bin/true";
            OTHER_SWIFT_FLAGS = (
               "-swift-version",
               "4",
               "-I",
               "$(TOOLCHAIN_DIR)/usr/lib/swift/pm/4",
               "-target",
               "x86_64-apple-macosx10.10",
               "-sdk",
               "/Applications/Xcode-beta.app/Contents/Developer/Platforms/MacOSX.platform/Developer/SDKs/MacOSX10.14.sdk"
            );
            SWIFT_VERSION = "4.0";
         };
         name = "Debug";
      };
      "OBJ_245" = {
         isa = "XCBuildConfiguration";
         buildSettings = {
            LD = "/usr/bin/true";
            OTHER_SWIFT_FLAGS = (
               "-swift-version",
               "4",
               "-I",
               "$(TOOLCHAIN_DIR)/usr/lib/swift/pm/4",
               "-target",
               "x86_64-apple-macosx10.10",
               "-sdk",
               "/Applications/Xcode-beta.app/Contents/Developer/Platforms/MacOSX.platform/Developer/SDKs/MacOSX10.14.sdk"
            );
            SWIFT_VERSION = "4.0";
         };
         name = "Release";
      };
      "OBJ_246" = {
         isa = "PBXSourcesBuildPhase";
         files = (
            "OBJ_247"
         );
      };
      "OBJ_247" = {
         isa = "PBXBuildFile";
         fileRef = "OBJ_72";
      };
      "OBJ_248" = {
         isa = "XCConfigurationList";
         buildConfigurations = (
            "OBJ_249",
            "OBJ_250"
         );
         defaultConfigurationIsVisible = "0";
         defaultConfigurationName = "Release";
      };
      "OBJ_249" = {
         isa = "XCBuildConfiguration";
         buildSettings = {
            CLANG_ENABLE_MODULES = "YES";
            DEFINES_MODULE = "YES";
            ENABLE_TESTABILITY = "YES";
            FRAMEWORK_SEARCH_PATHS = (
               "$(inherited)",
               "$(PLATFORM_DIR)/Developer/Library/Frameworks"
            );
            HEADER_SEARCH_PATHS = (
               "$(inherited)",
               "$(SRCROOT)/.build/checkouts/Quick/Sources/QuickSpecBase/include"
            );
            INFOPLIST_FILE = "SwiftyUserDefaults.xcodeproj/QuickSpecBase_Info.plist";
            IPHONEOS_DEPLOYMENT_TARGET = "8.0";
            LD_RUNPATH_SEARCH_PATHS = (
               "$(inherited)",
               "$(TOOLCHAIN_DIR)/usr/lib/swift/macosx"
            );
            MACOSX_DEPLOYMENT_TARGET = "10.10";
            OTHER_CFLAGS = (
               "$(inherited)"
            );
            OTHER_LDFLAGS = (
               "$(inherited)"
            );
            OTHER_SWIFT_FLAGS = (
               "$(inherited)"
            );
            PRODUCT_BUNDLE_IDENTIFIER = "QuickSpecBase";
            PRODUCT_MODULE_NAME = "$(TARGET_NAME:c99extidentifier)";
            PRODUCT_NAME = "$(TARGET_NAME:c99extidentifier)";
            SKIP_INSTALL = "YES";
            SWIFT_ACTIVE_COMPILATION_CONDITIONS = (
               "$(inherited)"
            );
            TARGET_NAME = "QuickSpecBase";
            TVOS_DEPLOYMENT_TARGET = "9.0";
            WATCHOS_DEPLOYMENT_TARGET = "2.0";
         };
         name = "Debug";
      };
      "OBJ_25" = {
         isa = "PBXGroup";
         children = (
            "OBJ_26",
            "OBJ_27",
            "OBJ_28",
            "OBJ_29",
            "OBJ_30",
            "OBJ_31",
            "OBJ_32"
         );
         name = "Primitives";
         path = "Primitives";
         sourceTree = "<group>";
      };
      "OBJ_250" = {
         isa = "XCBuildConfiguration";
         buildSettings = {
            CLANG_ENABLE_MODULES = "YES";
            DEFINES_MODULE = "YES";
            ENABLE_TESTABILITY = "YES";
            FRAMEWORK_SEARCH_PATHS = (
               "$(inherited)",
               "$(PLATFORM_DIR)/Developer/Library/Frameworks"
            );
            HEADER_SEARCH_PATHS = (
               "$(inherited)",
               "$(SRCROOT)/.build/checkouts/Quick/Sources/QuickSpecBase/include"
            );
            INFOPLIST_FILE = "SwiftyUserDefaults.xcodeproj/QuickSpecBase_Info.plist";
            IPHONEOS_DEPLOYMENT_TARGET = "8.0";
            LD_RUNPATH_SEARCH_PATHS = (
               "$(inherited)",
               "$(TOOLCHAIN_DIR)/usr/lib/swift/macosx"
            );
            MACOSX_DEPLOYMENT_TARGET = "10.10";
            OTHER_CFLAGS = (
               "$(inherited)"
            );
            OTHER_LDFLAGS = (
               "$(inherited)"
            );
            OTHER_SWIFT_FLAGS = (
               "$(inherited)"
            );
            PRODUCT_BUNDLE_IDENTIFIER = "QuickSpecBase";
            PRODUCT_MODULE_NAME = "$(TARGET_NAME:c99extidentifier)";
            PRODUCT_NAME = "$(TARGET_NAME:c99extidentifier)";
            SKIP_INSTALL = "YES";
            SWIFT_ACTIVE_COMPILATION_CONDITIONS = (
               "$(inherited)"
            );
            TARGET_NAME = "QuickSpecBase";
            TVOS_DEPLOYMENT_TARGET = "9.0";
            WATCHOS_DEPLOYMENT_TARGET = "2.0";
         };
         name = "Release";
      };
      "OBJ_251" = {
         isa = "PBXSourcesBuildPhase";
         files = (
            "OBJ_252"
         );
      };
      "OBJ_252" = {
         isa = "PBXBuildFile";
         fileRef = "OBJ_69";
      };
      "OBJ_253" = {
         isa = "PBXHeadersBuildPhase";
         files = (
            "OBJ_254"
         );
      };
      "OBJ_254" = {
         isa = "PBXBuildFile";
         fileRef = "OBJ_71";
         settings = {
            ATTRIBUTES = (
               "Public"
            );
         };
      };
      "OBJ_255" = {
         isa = "PBXFrameworksBuildPhase";
         files = (
         );
      };
      "OBJ_257" = {
         isa = "XCConfigurationList";
         buildConfigurations = (
            "OBJ_258",
            "OBJ_259"
         );
         defaultConfigurationIsVisible = "0";
         defaultConfigurationName = "Release";
      };
      "OBJ_258" = {
         isa = "XCBuildConfiguration";
         buildSettings = {
            ENABLE_TESTABILITY = "YES";
            FRAMEWORK_SEARCH_PATHS = (
               "$(inherited)",
               "$(PLATFORM_DIR)/Developer/Library/Frameworks"
            );
            HEADER_SEARCH_PATHS = (
               "$(inherited)"
            );
            INFOPLIST_FILE = "SwiftyUserDefaults.xcodeproj/SwiftyUserDefaults_Info.plist";
            IPHONEOS_DEPLOYMENT_TARGET = "8.0";
            LD_RUNPATH_SEARCH_PATHS = (
               "$(inherited)",
               "$(TOOLCHAIN_DIR)/usr/lib/swift/macosx"
            );
            MACOSX_DEPLOYMENT_TARGET = "10.10";
            OTHER_CFLAGS = (
               "$(inherited)"
            );
            OTHER_LDFLAGS = (
               "$(inherited)"
            );
            OTHER_SWIFT_FLAGS = (
               "$(inherited)"
            );
            PRODUCT_BUNDLE_IDENTIFIER = "SwiftyUserDefaults";
            PRODUCT_MODULE_NAME = "$(TARGET_NAME:c99extidentifier)";
            PRODUCT_NAME = "$(TARGET_NAME:c99extidentifier)";
            SKIP_INSTALL = "YES";
            SWIFT_ACTIVE_COMPILATION_CONDITIONS = (
               "$(inherited)"
            );
            SWIFT_VERSION = "4.0";
            TARGET_NAME = "SwiftyUserDefaults";
            TVOS_DEPLOYMENT_TARGET = "9.0";
            WATCHOS_DEPLOYMENT_TARGET = "2.0";
         };
         name = "Debug";
      };
      "OBJ_259" = {
         isa = "XCBuildConfiguration";
         buildSettings = {
            ENABLE_TESTABILITY = "YES";
            FRAMEWORK_SEARCH_PATHS = (
               "$(inherited)",
               "$(PLATFORM_DIR)/Developer/Library/Frameworks"
            );
            HEADER_SEARCH_PATHS = (
               "$(inherited)"
            );
            INFOPLIST_FILE = "SwiftyUserDefaults.xcodeproj/SwiftyUserDefaults_Info.plist";
            IPHONEOS_DEPLOYMENT_TARGET = "8.0";
            LD_RUNPATH_SEARCH_PATHS = (
               "$(inherited)",
               "$(TOOLCHAIN_DIR)/usr/lib/swift/macosx"
            );
            MACOSX_DEPLOYMENT_TARGET = "10.10";
            OTHER_CFLAGS = (
               "$(inherited)"
            );
            OTHER_LDFLAGS = (
               "$(inherited)"
            );
            OTHER_SWIFT_FLAGS = (
               "$(inherited)"
            );
            PRODUCT_BUNDLE_IDENTIFIER = "SwiftyUserDefaults";
            PRODUCT_MODULE_NAME = "$(TARGET_NAME:c99extidentifier)";
            PRODUCT_NAME = "$(TARGET_NAME:c99extidentifier)";
            SKIP_INSTALL = "YES";
            SWIFT_ACTIVE_COMPILATION_CONDITIONS = (
               "$(inherited)"
            );
            SWIFT_VERSION = "4.0";
            TARGET_NAME = "SwiftyUserDefaults";
            TVOS_DEPLOYMENT_TARGET = "9.0";
            WATCHOS_DEPLOYMENT_TARGET = "2.0";
         };
         name = "Release";
      };
      "OBJ_26" = {
         isa = "PBXFileReference";
         path = "Defaults+Bool.swift";
         sourceTree = "<group>";
      };
      "OBJ_260" = {
         isa = "PBXSourcesBuildPhase";
         files = (
            "OBJ_261",
            "OBJ_262",
            "OBJ_263",
            "OBJ_264",
            "OBJ_265",
            "OBJ_266"
         );
      };
      "OBJ_261" = {
         isa = "PBXBuildFile";
         fileRef = "OBJ_10";
      };
      "OBJ_262" = {
         isa = "PBXBuildFile";
         fileRef = "OBJ_11";
      };
      "OBJ_263" = {
         isa = "PBXBuildFile";
         fileRef = "OBJ_12";
      };
      "OBJ_264" = {
         isa = "PBXBuildFile";
         fileRef = "OBJ_13";
      };
      "OBJ_265" = {
         isa = "PBXBuildFile";
         fileRef = "OBJ_14";
      };
      "OBJ_266" = {
         isa = "PBXBuildFile";
         fileRef = "OBJ_15";
      };
      "OBJ_267" = {
         isa = "PBXFrameworksBuildPhase";
         files = (
         );
      };
      "OBJ_269" = {
         isa = "XCConfigurationList";
         buildConfigurations = (
            "OBJ_270",
            "OBJ_271"
         );
         defaultConfigurationIsVisible = "0";
         defaultConfigurationName = "Release";
      };
      "OBJ_27" = {
         isa = "PBXFileReference";
         path = "Defaults+Data.swift";
         sourceTree = "<group>";
      };
      "OBJ_270" = {
         isa = "XCBuildConfiguration";
         buildSettings = {
            LD = "/usr/bin/true";
            OTHER_SWIFT_FLAGS = (
               "-swift-version",
               "4",
               "-I",
               "$(TOOLCHAIN_DIR)/usr/lib/swift/pm/4",
               "-target",
               "x86_64-apple-macosx10.10",
               "-sdk",
               "/Applications/Xcode-beta.app/Contents/Developer/Platforms/MacOSX.platform/Developer/SDKs/MacOSX10.14.sdk"
            );
            SWIFT_VERSION = "4.0";
         };
         name = "Debug";
      };
      "OBJ_271" = {
         isa = "XCBuildConfiguration";
         buildSettings = {
            LD = "/usr/bin/true";
            OTHER_SWIFT_FLAGS = (
               "-swift-version",
               "4",
               "-I",
               "$(TOOLCHAIN_DIR)/usr/lib/swift/pm/4",
               "-target",
               "x86_64-apple-macosx10.10",
               "-sdk",
               "/Applications/Xcode-beta.app/Contents/Developer/Platforms/MacOSX.platform/Developer/SDKs/MacOSX10.14.sdk"
            );
            SWIFT_VERSION = "4.0";
         };
         name = "Release";
      };
      "OBJ_272" = {
         isa = "PBXSourcesBuildPhase";
         files = (
            "OBJ_273"
         );
      };
      "OBJ_273" = {
         isa = "PBXBuildFile";
         fileRef = "OBJ_6";
      };
      "OBJ_275" = {
         isa = "XCConfigurationList";
         buildConfigurations = (
            "OBJ_276",
            "OBJ_277"
         );
         defaultConfigurationIsVisible = "0";
         defaultConfigurationName = "Release";
      };
      "OBJ_276" = {
         isa = "XCBuildConfiguration";
         buildSettings = {
         };
         name = "Debug";
      };
      "OBJ_277" = {
         isa = "XCBuildConfiguration";
         buildSettings = {
         };
         name = "Release";
      };
      "OBJ_278" = {
         isa = "PBXTargetDependency";
         target = "SwiftyUserDefaults::SwiftyUserDefaultsTests";
      };
      "OBJ_28" = {
         isa = "PBXFileReference";
         path = "Defaults+Date.swift";
         sourceTree = "<group>";
      };
      "OBJ_280" = {
         isa = "XCConfigurationList";
         buildConfigurations = (
            "OBJ_281",
            "OBJ_282"
         );
         defaultConfigurationIsVisible = "0";
         defaultConfigurationName = "Release";
      };
      "OBJ_281" = {
         isa = "XCBuildConfiguration";
         buildSettings = {
            CLANG_ENABLE_MODULES = "YES";
            EMBEDDED_CONTENT_CONTAINS_SWIFT = "YES";
            FRAMEWORK_SEARCH_PATHS = (
               "$(inherited)",
               "$(PLATFORM_DIR)/Developer/Library/Frameworks"
            );
            HEADER_SEARCH_PATHS = (
               "$(inherited)",
               "$(SRCROOT)/.build/checkouts/Quick/Sources/QuickSpecBase/include"
            );
            INFOPLIST_FILE = "SwiftyUserDefaults.xcodeproj/SwiftyUserDefaultsTests_Info.plist";
            IPHONEOS_DEPLOYMENT_TARGET = "8.0";
            LD_RUNPATH_SEARCH_PATHS = (
               "$(inherited)",
               "@loader_path/../Frameworks",
               "@loader_path/Frameworks"
            );
            MACOSX_DEPLOYMENT_TARGET = "10.10";
            OTHER_CFLAGS = (
               "$(inherited)"
            );
            OTHER_LDFLAGS = (
               "$(inherited)"
            );
            OTHER_SWIFT_FLAGS = (
               "$(inherited)"
            );
            SWIFT_ACTIVE_COMPILATION_CONDITIONS = (
               "$(inherited)"
            );
            SWIFT_VERSION = "4.0";
            TARGET_NAME = "SwiftyUserDefaultsTests";
            TVOS_DEPLOYMENT_TARGET = "9.0";
            WATCHOS_DEPLOYMENT_TARGET = "2.0";
         };
         name = "Debug";
      };
      "OBJ_282" = {
         isa = "XCBuildConfiguration";
         buildSettings = {
            CLANG_ENABLE_MODULES = "YES";
            EMBEDDED_CONTENT_CONTAINS_SWIFT = "YES";
            FRAMEWORK_SEARCH_PATHS = (
               "$(inherited)",
               "$(PLATFORM_DIR)/Developer/Library/Frameworks"
            );
            HEADER_SEARCH_PATHS = (
               "$(inherited)",
               "$(SRCROOT)/.build/checkouts/Quick/Sources/QuickSpecBase/include"
            );
            INFOPLIST_FILE = "SwiftyUserDefaults.xcodeproj/SwiftyUserDefaultsTests_Info.plist";
            IPHONEOS_DEPLOYMENT_TARGET = "8.0";
            LD_RUNPATH_SEARCH_PATHS = (
               "$(inherited)",
               "@loader_path/../Frameworks",
               "@loader_path/Frameworks"
            );
            MACOSX_DEPLOYMENT_TARGET = "10.10";
            OTHER_CFLAGS = (
               "$(inherited)"
            );
            OTHER_LDFLAGS = (
               "$(inherited)"
            );
            OTHER_SWIFT_FLAGS = (
               "$(inherited)"
            );
            SWIFT_ACTIVE_COMPILATION_CONDITIONS = (
               "$(inherited)"
            );
            SWIFT_VERSION = "4.0";
            TARGET_NAME = "SwiftyUserDefaultsTests";
            TVOS_DEPLOYMENT_TARGET = "9.0";
            WATCHOS_DEPLOYMENT_TARGET = "2.0";
         };
         name = "Release";
      };
      "OBJ_283" = {
         isa = "PBXSourcesBuildPhase";
         files = (
            "OBJ_284",
            "OBJ_285",
            "OBJ_286",
            "OBJ_287",
            "OBJ_288",
            "OBJ_289",
            "OBJ_290",
            "OBJ_291",
            "OBJ_292",
            "OBJ_293",
            "OBJ_294",
            "OBJ_295",
            "OBJ_296",
            "OBJ_297",
            "OBJ_298",
            "OBJ_299"
         );
      };
      "OBJ_284" = {
         isa = "PBXBuildFile";
         fileRef = "OBJ_19";
      };
      "OBJ_285" = {
         isa = "PBXBuildFile";
         fileRef = "OBJ_20";
      };
      "OBJ_286" = {
         isa = "PBXBuildFile";
         fileRef = "OBJ_21";
      };
      "OBJ_287" = {
         isa = "PBXBuildFile";
         fileRef = "OBJ_23";
      };
      "OBJ_288" = {
         isa = "PBXBuildFile";
         fileRef = "OBJ_24";
      };
      "OBJ_289" = {
         isa = "PBXBuildFile";
         fileRef = "OBJ_26";
      };
      "OBJ_29" = {
         isa = "PBXFileReference";
         path = "Defaults+Double.swift";
         sourceTree = "<group>";
      };
      "OBJ_290" = {
         isa = "PBXBuildFile";
         fileRef = "OBJ_27";
      };
      "OBJ_291" = {
         isa = "PBXBuildFile";
         fileRef = "OBJ_28";
      };
      "OBJ_292" = {
         isa = "PBXBuildFile";
         fileRef = "OBJ_29";
      };
      "OBJ_293" = {
         isa = "PBXBuildFile";
         fileRef = "OBJ_30";
      };
      "OBJ_294" = {
         isa = "PBXBuildFile";
         fileRef = "OBJ_31";
      };
      "OBJ_295" = {
         isa = "PBXBuildFile";
         fileRef = "OBJ_32";
      };
      "OBJ_296" = {
         isa = "PBXBuildFile";
         fileRef = "OBJ_34";
      };
      "OBJ_297" = {
         isa = "PBXBuildFile";
         fileRef = "OBJ_35";
      };
      "OBJ_298" = {
         isa = "PBXBuildFile";
         fileRef = "OBJ_37";
      };
      "OBJ_299" = {
         isa = "PBXBuildFile";
         fileRef = "OBJ_38";
      };
      "OBJ_3" = {
         isa = "XCBuildConfiguration";
         buildSettings = {
            CLANG_ENABLE_OBJC_ARC = "YES";
            COMBINE_HIDPI_IMAGES = "YES";
            COPY_PHASE_STRIP = "NO";
            DEBUG_INFORMATION_FORMAT = "dwarf";
            DYLIB_INSTALL_NAME_BASE = "@rpath";
            ENABLE_NS_ASSERTIONS = "YES";
            GCC_OPTIMIZATION_LEVEL = "0";
            GCC_PREPROCESSOR_DEFINITIONS = (
               "$(inherited)",
               "SWIFT_PACKAGE=1",
               "DEBUG=1"
            );
            ONLY_ACTIVE_ARCH = "YES";
            OTHER_SWIFT_FLAGS = (
               "-DXcode"
            );
            PRODUCT_NAME = "$(TARGET_NAME)";
            SDKROOT = "macosx";
            SUPPORTED_PLATFORMS = (
               "macosx",
               "iphoneos",
               "iphonesimulator",
               "appletvos",
               "appletvsimulator",
               "watchos",
               "watchsimulator"
            );
            SWIFT_ACTIVE_COMPILATION_CONDITIONS = (
               "$(inherited)",
               "SWIFT_PACKAGE",
               "DEBUG"
            );
            SWIFT_OPTIMIZATION_LEVEL = "-Onone";
            USE_HEADERMAP = "NO";
         };
         name = "Debug";
      };
      "OBJ_30" = {
         isa = "PBXFileReference";
         path = "Defaults+Int.swift";
         sourceTree = "<group>";
      };
      "OBJ_300" = {
         isa = "PBXFrameworksBuildPhase";
         files = (
            "OBJ_301",
            "OBJ_302",
            "OBJ_303",
            "OBJ_304"
         );
      };
      "OBJ_301" = {
         isa = "PBXBuildFile";
         fileRef = "Nimble::Nimble::Product";
      };
      "OBJ_302" = {
         isa = "PBXBuildFile";
         fileRef = "Quick::Quick::Product";
      };
      "OBJ_303" = {
         isa = "PBXBuildFile";
         fileRef = "Quick::QuickSpecBase::Product";
      };
      "OBJ_304" = {
         isa = "PBXBuildFile";
         fileRef = "SwiftyUserDefaults::SwiftyUserDefaults::Product";
      };
      "OBJ_305" = {
         isa = "PBXTargetDependency";
         target = "Nimble::Nimble";
      };
      "OBJ_306" = {
         isa = "PBXTargetDependency";
         target = "Quick::Quick";
      };
      "OBJ_307" = {
         isa = "PBXTargetDependency";
         target = "Quick::QuickSpecBase";
      };
      "OBJ_308" = {
         isa = "PBXTargetDependency";
         target = "SwiftyUserDefaults::SwiftyUserDefaults";
      };
      "OBJ_31" = {
         isa = "PBXFileReference";
         path = "Defaults+String.swift";
         sourceTree = "<group>";
      };
      "OBJ_32" = {
         isa = "PBXFileReference";
         path = "Defaults+URL.swift";
         sourceTree = "<group>";
      };
      "OBJ_33" = {
         isa = "PBXGroup";
         children = (
            "OBJ_34",
            "OBJ_35"
         );
         name = "RawRepresentable";
         path = "RawRepresentable";
         sourceTree = "<group>";
      };
      "OBJ_34" = {
         isa = "PBXFileReference";
         path = "Defaults+BestFroggiesDefaultsEnum.swift";
         sourceTree = "<group>";
      };
      "OBJ_35" = {
         isa = "PBXFileReference";
         path = "Defaults+BestFroggiesEnum.swift";
         sourceTree = "<group>";
      };
      "OBJ_36" = {
         isa = "PBXGroup";
         children = (
            "OBJ_37",
            "OBJ_38"
         );
         name = "TestHelpers";
         path = "TestHelpers";
         sourceTree = "<group>";
      };
      "OBJ_37" = {
         isa = "PBXFileReference";
         path = "DefaultsSerializableSpec.swift";
         sourceTree = "<group>";
      };
      "OBJ_38" = {
         isa = "PBXFileReference";
         path = "TestHelper.swift";
         sourceTree = "<group>";
      };
      "OBJ_39" = {
         isa = "PBXGroup";
         children = (
            "OBJ_40",
            "OBJ_73"
         );
         name = "Dependencies";
         path = "";
         sourceTree = "<group>";
      };
      "OBJ_4" = {
         isa = "XCBuildConfiguration";
         buildSettings = {
            CLANG_ENABLE_OBJC_ARC = "YES";
            COMBINE_HIDPI_IMAGES = "YES";
            COPY_PHASE_STRIP = "YES";
            DEBUG_INFORMATION_FORMAT = "dwarf-with-dsym";
            DYLIB_INSTALL_NAME_BASE = "@rpath";
            GCC_OPTIMIZATION_LEVEL = "s";
            GCC_PREPROCESSOR_DEFINITIONS = (
               "$(inherited)",
               "SWIFT_PACKAGE=1"
            );
            OTHER_SWIFT_FLAGS = (
               "-DXcode"
            );
            PRODUCT_NAME = "$(TARGET_NAME)";
            SDKROOT = "macosx";
            SUPPORTED_PLATFORMS = (
               "macosx",
               "iphoneos",
               "iphonesimulator",
               "appletvos",
               "appletvsimulator",
               "watchos",
               "watchsimulator"
            );
            SWIFT_ACTIVE_COMPILATION_CONDITIONS = (
               "$(inherited)",
               "SWIFT_PACKAGE"
            );
            SWIFT_OPTIMIZATION_LEVEL = "-Owholemodule";
            USE_HEADERMAP = "NO";
         };
         name = "Release";
      };
      "OBJ_40" = {
         isa = "PBXGroup";
         children = (
            "OBJ_41",
            "OBJ_68",
            "OBJ_72"
         );
         name = "Quick 1.3.4";
         path = "";
         sourceTree = "SOURCE_ROOT";
      };
      "OBJ_41" = {
         isa = "PBXGroup";
         children = (
            "OBJ_42",
            "OBJ_43",
            "OBJ_44",
            "OBJ_47",
            "OBJ_50",
            "OBJ_51",
            "OBJ_52",
            "OBJ_53",
            "OBJ_54",
            "OBJ_55",
            "OBJ_60",
            "OBJ_61",
            "OBJ_62",
            "OBJ_63",
            "OBJ_64",
            "OBJ_65",
            "OBJ_66",
            "OBJ_67"
         );
         name = "Quick";
         path = ".build/checkouts/Quick/Sources/Quick";
         sourceTree = "SOURCE_ROOT";
      };
      "OBJ_42" = {
         isa = "PBXFileReference";
         path = "Behavior.swift";
         sourceTree = "<group>";
      };
      "OBJ_43" = {
         isa = "PBXFileReference";
         path = "Callsite.swift";
         sourceTree = "<group>";
      };
      "OBJ_44" = {
         isa = "PBXGroup";
         children = (
            "OBJ_45",
            "OBJ_46"
         );
         name = "Configuration";
         path = "Configuration";
         sourceTree = "<group>";
      };
      "OBJ_45" = {
         isa = "PBXFileReference";
         path = "Configuration.swift";
         sourceTree = "<group>";
      };
      "OBJ_46" = {
         isa = "PBXFileReference";
         path = "QuickConfiguration.swift";
         sourceTree = "<group>";
      };
      "OBJ_47" = {
         isa = "PBXGroup";
         children = (
            "OBJ_48",
            "OBJ_49"
         );
         name = "DSL";
         path = "DSL";
         sourceTree = "<group>";
      };
      "OBJ_48" = {
         isa = "PBXFileReference";
         path = "DSL.swift";
         sourceTree = "<group>";
      };
      "OBJ_49" = {
         isa = "PBXFileReference";
         path = "World+DSL.swift";
         sourceTree = "<group>";
      };
      "OBJ_5" = {
         isa = "PBXGroup";
         children = (
            "OBJ_6",
            "OBJ_7",
            "OBJ_16",
            "OBJ_39",
            "OBJ_131",
            "OBJ_137",
            "OBJ_138",
            "OBJ_139",
            "OBJ_140",
            "OBJ_141",
            "OBJ_142",
            "OBJ_143",
            "OBJ_144",
            "OBJ_145",
            "OBJ_146"
         );
         path = "";
         sourceTree = "<group>";
      };
      "OBJ_50" = {
         isa = "PBXFileReference";
         path = "ErrorUtility.swift";
         sourceTree = "<group>";
      };
      "OBJ_51" = {
         isa = "PBXFileReference";
         path = "Example.swift";
         sourceTree = "<group>";
      };
      "OBJ_52" = {
         isa = "PBXFileReference";
         path = "ExampleGroup.swift";
         sourceTree = "<group>";
      };
      "OBJ_53" = {
         isa = "PBXFileReference";
         path = "ExampleMetadata.swift";
         sourceTree = "<group>";
      };
      "OBJ_54" = {
         isa = "PBXFileReference";
         path = "Filter.swift";
         sourceTree = "<group>";
      };
      "OBJ_55" = {
         isa = "PBXGroup";
         children = (
            "OBJ_56",
            "OBJ_57",
            "OBJ_58",
            "OBJ_59"
         );
         name = "Hooks";
         path = "Hooks";
         sourceTree = "<group>";
      };
      "OBJ_56" = {
         isa = "PBXFileReference";
         path = "Closures.swift";
         sourceTree = "<group>";
      };
      "OBJ_57" = {
         isa = "PBXFileReference";
         path = "ExampleHooks.swift";
         sourceTree = "<group>";
      };
      "OBJ_58" = {
         isa = "PBXFileReference";
         path = "HooksPhase.swift";
         sourceTree = "<group>";
      };
      "OBJ_59" = {
         isa = "PBXFileReference";
         path = "SuiteHooks.swift";
         sourceTree = "<group>";
      };
      "OBJ_6" = {
         isa = "PBXFileReference";
         explicitFileType = "sourcecode.swift";
         path = "Package.swift";
         sourceTree = "<group>";
      };
      "OBJ_60" = {
         isa = "PBXFileReference";
         path = "NSBundle+CurrentTestBundle.swift";
         sourceTree = "<group>";
      };
      "OBJ_61" = {
         isa = "PBXFileReference";
         path = "NSString+C99ExtendedIdentifier.swift";
         sourceTree = "<group>";
      };
      "OBJ_62" = {
         isa = "PBXFileReference";
         path = "QuickMain.swift";
         sourceTree = "<group>";
      };
      "OBJ_63" = {
         isa = "PBXFileReference";
         path = "QuickSelectedTestSuiteBuilder.swift";
         sourceTree = "<group>";
      };
      "OBJ_64" = {
         isa = "PBXFileReference";
         path = "QuickSpec.swift";
         sourceTree = "<group>";
      };
      "OBJ_65" = {
         isa = "PBXFileReference";
         path = "QuickTestSuite.swift";
         sourceTree = "<group>";
      };
      "OBJ_66" = {
         isa = "PBXFileReference";
         path = "URL+FileName.swift";
         sourceTree = "<group>";
      };
      "OBJ_67" = {
         isa = "PBXFileReference";
         path = "World.swift";
         sourceTree = "<group>";
      };
      "OBJ_68" = {
         isa = "PBXGroup";
         children = (
            "OBJ_69",
            "OBJ_70"
         );
         name = "QuickSpecBase";
         path = ".build/checkouts/Quick/Sources/QuickSpecBase";
         sourceTree = "SOURCE_ROOT";
      };
      "OBJ_69" = {
         isa = "PBXFileReference";
         path = "QuickSpecBase.m";
         sourceTree = "<group>";
      };
      "OBJ_7" = {
         isa = "PBXGroup";
         children = (
            "OBJ_8",
            "OBJ_9",
            "OBJ_10",
            "OBJ_11",
            "OBJ_12",
            "OBJ_13",
            "OBJ_14",
            "OBJ_15"
         );
         name = "Sources";
         path = "Sources";
         sourceTree = "SOURCE_ROOT";
      };
      "OBJ_70" = {
         isa = "PBXGroup";
         children = (
            "OBJ_71"
         );
         name = "include";
         path = "include";
         sourceTree = "<group>";
      };
      "OBJ_71" = {
         isa = "PBXFileReference";
         path = "QuickSpecBase.h";
         sourceTree = "<group>";
      };
      "OBJ_72" = {
         isa = "PBXFileReference";
         explicitFileType = "sourcecode.swift";
         name = "Package.swift";
         path = "/Users/sunshinejr/Projects/Open Source/SwiftyUserDefaults/.build/checkouts/Quick/Package.swift";
         sourceTree = "<group>";
      };
      "OBJ_73" = {
         isa = "PBXGroup";
         children = (
            "OBJ_74",
            "OBJ_130"
         );
         name = "Nimble 7.3.3";
         path = "";
         sourceTree = "SOURCE_ROOT";
      };
      "OBJ_74" = {
         isa = "PBXGroup";
         children = (
            "OBJ_75",
            "OBJ_85",
            "OBJ_86",
            "OBJ_87",
            "OBJ_88",
            "OBJ_89",
            "OBJ_90",
            "OBJ_91",
            "OBJ_124"
         );
         name = "Nimble";
         path = ".build/checkouts/Nimble/Sources/Nimble";
         sourceTree = "SOURCE_ROOT";
      };
      "OBJ_75" = {
         isa = "PBXGroup";
         children = (
            "OBJ_76",
            "OBJ_77",
            "OBJ_78",
            "OBJ_79",
            "OBJ_80",
            "OBJ_81",
            "OBJ_82",
            "OBJ_83"
         );
         name = "Adapters";
         path = "Adapters";
         sourceTree = "<group>";
      };
      "OBJ_76" = {
         isa = "PBXFileReference";
         path = "AdapterProtocols.swift";
         sourceTree = "<group>";
      };
      "OBJ_77" = {
         isa = "PBXFileReference";
         path = "AssertionDispatcher.swift";
         sourceTree = "<group>";
      };
      "OBJ_78" = {
         isa = "PBXFileReference";
         path = "AssertionRecorder.swift";
         sourceTree = "<group>";
      };
      "OBJ_79" = {
         isa = "PBXFileReference";
         path = "NMBExpectation.swift";
         sourceTree = "<group>";
      };
      "OBJ_8" = {
         isa = "PBXFileReference";
         path = "SwiftyUserDefaults.h";
         sourceTree = "<group>";
      };
      "OBJ_80" = {
         isa = "PBXFileReference";
         path = "NMBObjCMatcher.swift";
         sourceTree = "<group>";
      };
      "OBJ_81" = {
         isa = "PBXFileReference";
         path = "NimbleEnvironment.swift";
         sourceTree = "<group>";
      };
      "OBJ_82" = {
         isa = "PBXFileReference";
         path = "NimbleXCTestHandler.swift";
         sourceTree = "<group>";
      };
      "OBJ_83" = {
         isa = "PBXGroup";
         children = (
            "OBJ_84"
         );
         name = "NonObjectiveC";
         path = "NonObjectiveC";
         sourceTree = "<group>";
      };
      "OBJ_84" = {
         isa = "PBXFileReference";
         path = "ExceptionCapture.swift";
         sourceTree = "<group>";
      };
      "OBJ_85" = {
         isa = "PBXFileReference";
         path = "DSL+Wait.swift";
         sourceTree = "<group>";
      };
      "OBJ_86" = {
         isa = "PBXFileReference";
         path = "DSL.swift";
         sourceTree = "<group>";
      };
      "OBJ_87" = {
         isa = "PBXFileReference";
         path = "Expectation.swift";
         sourceTree = "<group>";
      };
      "OBJ_88" = {
         isa = "PBXFileReference";
         path = "ExpectationMessage.swift";
         sourceTree = "<group>";
      };
      "OBJ_89" = {
         isa = "PBXFileReference";
         path = "Expression.swift";
         sourceTree = "<group>";
      };
      "OBJ_9" = {
         isa = "PBXFileReference";
         path = "Info.plist";
         sourceTree = "<group>";
      };
      "OBJ_90" = {
         isa = "PBXFileReference";
         path = "FailureMessage.swift";
         sourceTree = "<group>";
      };
      "OBJ_91" = {
         isa = "PBXGroup";
         children = (
            "OBJ_92",
            "OBJ_93",
            "OBJ_94",
            "OBJ_95",
            "OBJ_96",
            "OBJ_97",
            "OBJ_98",
            "OBJ_99",
            "OBJ_100",
            "OBJ_101",
            "OBJ_102",
            "OBJ_103",
            "OBJ_104",
            "OBJ_105",
            "OBJ_106",
            "OBJ_107",
            "OBJ_108",
            "OBJ_109",
            "OBJ_110",
            "OBJ_111",
            "OBJ_112",
            "OBJ_113",
            "OBJ_114",
            "OBJ_115",
            "OBJ_116",
            "OBJ_117",
            "OBJ_118",
            "OBJ_119",
            "OBJ_120",
            "OBJ_121",
            "OBJ_122",
            "OBJ_123"
         );
         name = "Matchers";
         path = "Matchers";
         sourceTree = "<group>";
      };
      "OBJ_92" = {
         isa = "PBXFileReference";
         path = "AllPass.swift";
         sourceTree = "<group>";
      };
      "OBJ_93" = {
         isa = "PBXFileReference";
         path = "Async.swift";
         sourceTree = "<group>";
      };
      "OBJ_94" = {
         isa = "PBXFileReference";
         path = "BeAKindOf.swift";
         sourceTree = "<group>";
      };
      "OBJ_95" = {
         isa = "PBXFileReference";
         path = "BeAnInstanceOf.swift";
         sourceTree = "<group>";
      };
      "OBJ_96" = {
         isa = "PBXFileReference";
         path = "BeCloseTo.swift";
         sourceTree = "<group>";
      };
      "OBJ_97" = {
         isa = "PBXFileReference";
         path = "BeEmpty.swift";
         sourceTree = "<group>";
      };
      "OBJ_98" = {
         isa = "PBXFileReference";
         path = "BeGreaterThan.swift";
         sourceTree = "<group>";
      };
      "OBJ_99" = {
         isa = "PBXFileReference";
         path = "BeGreaterThanOrEqualTo.swift";
         sourceTree = "<group>";
      };
      "Quick::Quick" = {
         isa = "PBXNativeTarget";
         buildConfigurationList = "OBJ_211";
         buildPhases = (
            "OBJ_214",
            "OBJ_238"
         );
         dependencies = (
            "OBJ_240"
         );
         name = "Quick";
         productName = "Quick";
         productReference = "Quick::Quick::Product";
         productType = "com.apple.product-type.framework";
      };
      "Quick::Quick::Product" = {
         isa = "PBXFileReference";
         path = "Quick.framework";
         sourceTree = "BUILT_PRODUCTS_DIR";
      };
      "Quick::QuickSpecBase" = {
         isa = "PBXNativeTarget";
         buildConfigurationList = "OBJ_248";
         buildPhases = (
            "OBJ_251",
            "OBJ_253",
            "OBJ_255"
         );
         dependencies = (
         );
         name = "QuickSpecBase";
         productName = "QuickSpecBase";
         productReference = "Quick::QuickSpecBase::Product";
         productType = "com.apple.product-type.framework";
      };
      "Quick::QuickSpecBase::Product" = {
         isa = "PBXFileReference";
         path = "QuickSpecBase.framework";
         sourceTree = "BUILT_PRODUCTS_DIR";
      };
      "Quick::SwiftPMPackageDescription" = {
         isa = "PBXNativeTarget";
         buildConfigurationList = "OBJ_243";
         buildPhases = (
            "OBJ_246"
         );
         dependencies = (
         );
         name = "QuickPackageDescription";
         productName = "QuickPackageDescription";
         productType = "com.apple.product-type.framework";
      };
      "SwiftyUserDefaults::SwiftPMPackageDescription" = {
         isa = "PBXNativeTarget";
         buildConfigurationList = "OBJ_269";
         buildPhases = (
            "OBJ_272"
         );
         dependencies = (
         );
         name = "SwiftyUserDefaultsPackageDescription";
         productName = "SwiftyUserDefaultsPackageDescription";
         productType = "com.apple.product-type.framework";
      };
      "SwiftyUserDefaults::SwiftyUserDefaults" = {
         isa = "PBXNativeTarget";
         buildConfigurationList = "OBJ_257";
         buildPhases = (
            "OBJ_260",
            "OBJ_267"
         );
         dependencies = (
         );
         name = "SwiftyUserDefaults";
         productName = "SwiftyUserDefaults";
         productReference = "SwiftyUserDefaults::SwiftyUserDefaults::Product";
         productType = "com.apple.product-type.framework";
      };
      "SwiftyUserDefaults::SwiftyUserDefaults::Product" = {
         isa = "PBXFileReference";
         path = "SwiftyUserDefaults.framework";
         sourceTree = "BUILT_PRODUCTS_DIR";
      };
      "SwiftyUserDefaults::SwiftyUserDefaultsPackageTests::ProductTarget" = {
         isa = "PBXAggregateTarget";
         buildConfigurationList = "OBJ_275";
         buildPhases = (
         );
         dependencies = (
            "OBJ_278"
         );
         name = "SwiftyUserDefaultsPackageTests";
         productName = "SwiftyUserDefaultsPackageTests";
      };
      "SwiftyUserDefaults::SwiftyUserDefaultsTests" = {
         isa = "PBXNativeTarget";
         buildConfigurationList = "OBJ_280";
         buildPhases = (
            "OBJ_283",
            "OBJ_300"
         );
         dependencies = (
            "OBJ_305",
            "OBJ_306",
            "OBJ_307",
            "OBJ_308"
         );
         name = "SwiftyUserDefaultsTests";
         productName = "SwiftyUserDefaultsTests";
         productReference = "SwiftyUserDefaults::SwiftyUserDefaultsTests::Product";
         productType = "com.apple.product-type.bundle.unit-test";
      };
      "SwiftyUserDefaults::SwiftyUserDefaultsTests::Product" = {
         isa = "PBXFileReference";
         path = "SwiftyUserDefaultsTests.xctest";
         sourceTree = "BUILT_PRODUCTS_DIR";
      };
   };
   rootObject = "OBJ_1";
}
